{
  "pins" : [
    {
      "identity" : "graphiti",
      "kind" : "remoteSourceControl",
      "location" : "https://github.com/GraphQLSwift/Graphiti.git",
      "state" : {
        "revision" : "c9bc9d1cc9e62e71a824dc178630bfa8b8a6e2a4",
        "version" : "1.0.0"
      }
    },
    {
      "identity" : "graphql",
      "kind" : "remoteSourceControl",
      "location" : "https://github.com/GraphQLSwift/GraphQL.git",
      "state" : {
        "revision" : "283cc4de56b994a00b2724328221b7a1bc846ddc",
        "version" : "2.2.1"
      }
    },
    {
      "identity" : "graphqlrxswift",
      "kind" : "remoteSourceControl",
      "location" : "https://github.com/PassiveLogic/GraphQLRxSwift.git",
      "state" : {
        "revision" : "ccf9c067d86cba9e68642b2e5bdeb7236612c232",
        "version" : "0.0.5-pl.1"
      }
    },
    {
      "identity" : "rxswift",
      "kind" : "remoteSourceControl",
      "location" : "https://github.com/PassiveLogic/RxSwift.git",
      "state" : {
        "revision" : "b5a0ba4d488ded8813cde51c7d49d7ad6cb56372",
        "version" : "6.8.1-pl.1"
      }
    },
    {
      "identity" : "swift-collections",
      "kind" : "remoteSourceControl",
      "location" : "https://github.com/apple/swift-collections",
      "state" : {
        "revision" : "48254824bb4248676bf7ce56014ff57b142b77eb",
        "version" : "1.0.2"
      }
    },
    {
      "identity" : "swift-nio",
      "kind" : "remoteSourceControl",
      "location" : "https://github.com/apple/swift-nio.git",
      "state" : {
        "revision" : "154f1d32366449dcccf6375a173adf4ed2a74429",
        "version" : "2.38.0"
      }
    }
  ],
  "version" : 2
}
